{
  "object": {
    "pins": [
      {
        "package": "DifferenceKit",
        "repositoryURL": "https://github.com/Antheav1/DifferenceKit.git",
        "state": {
          "branch": "spm",
          "revision": "f8c8d1ee24efcc93580b84965129f5e4130bf572",
          "version": "1.1.5"
        }
      }
    ]
  },
  "version": 1
}
