{
  "object": {
    "pins": [
      {
        "package": "DifferenceKit",
        "repositoryURL": "https://github.com/Antheav1/DifferenceKit.git",
        "state": {
          "branch": "spm",
          "revision": "a8da9d5b39e7e4518a7f6358548387f3864eafad",
          "version": "1.1.3"
        }
      }
    ]
  },
  "version": 1
}
